// !$*UTF8*$!
{
	archiveVersion = 1;
	classes = {
	};
	objectVersion = 50;
	objects = {

/* Begin PBXBuildFile section */
		9B27477F216A01F500A5D667 /* XCUITestBase.swift in Sources */ = {isa = PBXBuildFile; fileRef = 9B27477E216A01F500A5D667 /* XCUITestBase.swift */; };
		9B54C8FF2158315F00D452EE /* AppDelegate.swift in Sources */ = {isa = PBXBuildFile; fileRef = 9B54C8FE2158315F00D452EE /* AppDelegate.swift */; };
		9B54C9012158315F00D452EE /* ViewController.swift in Sources */ = {isa = PBXBuildFile; fileRef = 9B54C9002158315F00D452EE /* ViewController.swift */; };
		9B54C9042158315F00D452EE /* Main.storyboard in Resources */ = {isa = PBXBuildFile; fileRef = 9B54C9022158315F00D452EE /* Main.storyboard */; };
		9B54C9062158316200D452EE /* Assets.xcassets in Resources */ = {isa = PBXBuildFile; fileRef = 9B54C9052158316200D452EE /* Assets.xcassets */; };
		9B54C9092158316200D452EE /* LaunchScreen.storyboard in Resources */ = {isa = PBXBuildFile; fileRef = 9B54C9072158316200D452EE /* LaunchScreen.storyboard */; };
		9BB9D534215841A200B95B51 /* XCUITest_Xcode10UITests.swift in Sources */ = {isa = PBXBuildFile; fileRef = 9BB9D533215841A200B95B51 /* XCUITest_Xcode10UITests.swift */; };
/* End PBXBuildFile section */

/* Begin PBXContainerItemProxy section */
		9BB9D536215841A200B95B51 /* PBXContainerItemProxy */ = {
			isa = PBXContainerItemProxy;
			containerPortal = 9B54C8F32158315F00D452EE /* Project object */;
			proxyType = 1;
			remoteGlobalIDString = 9B54C8FA2158315F00D452EE;
			remoteInfo = "XCUITest-Xcode10";
		};
/* End PBXContainerItemProxy section */

/* Begin PBXFileReference section */
		9B27477E216A01F500A5D667 /* XCUITestBase.swift */ = {isa = PBXFileReference; lastKnownFileType = sourcecode.swift; path = XCUITestBase.swift; sourceTree = "<group>"; };
		9B54C8FB2158315F00D452EE /* XCUITest-Xcode10.app */ = {isa = PBXFileReference; explicitFileType = wrapper.application; includeInIndex = 0; path = "XCUITest-Xcode10.app"; sourceTree = BUILT_PRODUCTS_DIR; };
		9B54C8FE2158315F00D452EE /* AppDelegate.swift */ = {isa = PBXFileReference; lastKnownFileType = sourcecode.swift; path = AppDelegate.swift; sourceTree = "<group>"; };
		9B54C9002158315F00D452EE /* ViewController.swift */ = {isa = PBXFileReference; lastKnownFileType = sourcecode.swift; path = ViewController.swift; sourceTree = "<group>"; };
		9B54C9032158315F00D452EE /* Base */ = {isa = PBXFileReference; lastKnownFileType = file.storyboard; name = Base; path = Base.lproj/Main.storyboard; sourceTree = "<group>"; };
		9B54C9052158316200D452EE /* Assets.xcassets */ = {isa = PBXFileReference; lastKnownFileType = folder.assetcatalog; path = Assets.xcassets; sourceTree = "<group>"; };
		9B54C9082158316200D452EE /* Base */ = {isa = PBXFileReference; lastKnownFileType = file.storyboard; name = Base; path = Base.lproj/LaunchScreen.storyboard; sourceTree = "<group>"; };
		9B54C90A2158316200D452EE /* Info.plist */ = {isa = PBXFileReference; lastKnownFileType = text.plist.xml; path = Info.plist; sourceTree = "<group>"; };
		9BB9D531215841A200B95B51 /* XCUITest-Xcode10UITests.xctest */ = {isa = PBXFileReference; explicitFileType = wrapper.cfbundle; includeInIndex = 0; path = "XCUITest-Xcode10UITests.xctest"; sourceTree = BUILT_PRODUCTS_DIR; };
		9BB9D533215841A200B95B51 /* XCUITest_Xcode10UITests.swift */ = {isa = PBXFileReference; lastKnownFileType = sourcecode.swift; path = XCUITest_Xcode10UITests.swift; sourceTree = "<group>"; };
		9BB9D535215841A200B95B51 /* Info.plist */ = {isa = PBXFileReference; lastKnownFileType = text.plist.xml; path = Info.plist; sourceTree = "<group>"; };
/* End PBXFileReference section */

/* Begin PBXFrameworksBuildPhase section */
		9B54C8F82158315F00D452EE /* Frameworks */ = {
			isa = PBXFrameworksBuildPhase;
			buildActionMask = 2147483647;
			files = (
			);
			runOnlyForDeploymentPostprocessing = 0;
		};
		9BB9D52E215841A200B95B51 /* Frameworks */ = {
			isa = PBXFrameworksBuildPhase;
			buildActionMask = 2147483647;
			files = (
			);
			runOnlyForDeploymentPostprocessing = 0;
		};
/* End PBXFrameworksBuildPhase section */

/* Begin PBXGroup section */
		9B54C8F22158315F00D452EE = {
			isa = PBXGroup;
			children = (
				9B54C8FD2158315F00D452EE /* XCUITest-Xcode10 */,
				9BB9D532215841A200B95B51 /* XCUITest-Xcode10UITests */,
				9B54C8FC2158315F00D452EE /* Products */,
			);
			sourceTree = "<group>";
		};
		9B54C8FC2158315F00D452EE /* Products */ = {
			isa = PBXGroup;
			children = (
				9B54C8FB2158315F00D452EE /* XCUITest-Xcode10.app */,
				9BB9D531215841A200B95B51 /* XCUITest-Xcode10UITests.xctest */,
			);
			name = Products;
			sourceTree = "<group>";
		};
		9B54C8FD2158315F00D452EE /* XCUITest-Xcode10 */ = {
			isa = PBXGroup;
			children = (
				9B54C8FE2158315F00D452EE /* AppDelegate.swift */,
				9B54C9002158315F00D452EE /* ViewController.swift */,
				9B54C9022158315F00D452EE /* Main.storyboard */,
				9B54C9052158316200D452EE /* Assets.xcassets */,
				9B54C9072158316200D452EE /* LaunchScreen.storyboard */,
				9B54C90A2158316200D452EE /* Info.plist */,
			);
			path = "XCUITest-Xcode10";
			sourceTree = "<group>";
		};
		9BB9D532215841A200B95B51 /* XCUITest-Xcode10UITests */ = {
			isa = PBXGroup;
			children = (
				9BB9D533215841A200B95B51 /* XCUITest_Xcode10UITests.swift */,
				9BB9D535215841A200B95B51 /* Info.plist */,
				9B27477E216A01F500A5D667 /* XCUITestBase.swift */,
			);
			path = "XCUITest-Xcode10UITests";
			sourceTree = "<group>";
		};
/* End PBXGroup section */

/* Begin PBXNativeTarget section */
		9B54C8FA2158315F00D452EE /* XCUITest-Xcode10 */ = {
			isa = PBXNativeTarget;
			buildConfigurationList = 9B54C90D2158316200D452EE /* Build configuration list for PBXNativeTarget "XCUITest-Xcode10" */;
			buildPhases = (
				9B54C8F72158315F00D452EE /* Sources */,
				9B54C8F82158315F00D452EE /* Frameworks */,
				9B54C8F92158315F00D452EE /* Resources */,
			);
			buildRules = (
			);
			dependencies = (
			);
			name = "XCUITest-Xcode10";
			productName = "XCUITest-Xcode10";
			productReference = 9B54C8FB2158315F00D452EE /* XCUITest-Xcode10.app */;
			productType = "com.apple.product-type.application";
		};
		9BB9D530215841A200B95B51 /* XCUITest-Xcode10UITests */ = {
			isa = PBXNativeTarget;
			buildConfigurationList = 9BB9D53A215841A200B95B51 /* Build configuration list for PBXNativeTarget "XCUITest-Xcode10UITests" */;
			buildPhases = (
				9BB9D52D215841A200B95B51 /* Sources */,
				9BB9D52E215841A200B95B51 /* Frameworks */,
				9BB9D52F215841A200B95B51 /* Resources */,
			);
			buildRules = (
			);
			dependencies = (
				9BB9D537215841A200B95B51 /* PBXTargetDependency */,
			);
			name = "XCUITest-Xcode10UITests";
			productName = "XCUITest-Xcode10UITests";
			productReference = 9BB9D531215841A200B95B51 /* XCUITest-Xcode10UITests.xctest */;
			productType = "com.apple.product-type.bundle.ui-testing";
		};
/* End PBXNativeTarget section */

/* Begin PBXProject section */
		9B54C8F32158315F00D452EE /* Project object */ = {
			isa = PBXProject;
			attributes = {
				LastSwiftUpdateCheck = 1000;
				LastUpgradeCheck = 1000;
				ORGANIZATIONNAME = "Shashikant Jagtap";
				TargetAttributes = {
					9B54C8FA2158315F00D452EE = {
						CreatedOnToolsVersion = 10.0;
					};
					9BB9D530215841A200B95B51 = {
						CreatedOnToolsVersion = 10.0;
						TestTargetID = 9B54C8FA2158315F00D452EE;
					};
				};
			};
			buildConfigurationList = 9B54C8F62158315F00D452EE /* Build configuration list for PBXProject "XCUITest-Xcode10" */;
			compatibilityVersion = "Xcode 9.3";
			developmentRegion = en;
			hasScannedForEncodings = 0;
			knownRegions = (
				en,
				Base,
			);
			mainGroup = 9B54C8F22158315F00D452EE;
			productRefGroup = 9B54C8FC2158315F00D452EE /* Products */;
			projectDirPath = "";
			projectRoot = "";
			targets = (
				9B54C8FA2158315F00D452EE /* XCUITest-Xcode10 */,
				9BB9D530215841A200B95B51 /* XCUITest-Xcode10UITests */,
			);
		};
/* End PBXProject section */

/* Begin PBXResourcesBuildPhase section */
		9B54C8F92158315F00D452EE /* Resources */ = {
			isa = PBXResourcesBuildPhase;
			buildActionMask = 2147483647;
			files = (
				9B54C9092158316200D452EE /* LaunchScreen.storyboard in Resources */,
				9B54C9062158316200D452EE /* Assets.xcassets in Resources */,
				9B54C9042158315F00D452EE /* Main.storyboard in Resources */,
			);
			runOnlyForDeploymentPostprocessing = 0;
		};
		9BB9D52F215841A200B95B51 /* Resources */ = {
			isa = PBXResourcesBuildPhase;
			buildActionMask = 2147483647;
			files = (
			);
			runOnlyForDeploymentPostprocessing = 0;
		};
/* End PBXResourcesBuildPhase section */

/* Begin PBXSourcesBuildPhase section */
		9B54C8F72158315F00D452EE /* Sources */ = {
			isa = PBXSourcesBuildPhase;
			buildActionMask = 2147483647;
			files = (
				9B54C9012158315F00D452EE /* ViewController.swift in Sources */,
				9B54C8FF2158315F00D452EE /* AppDelegate.swift in Sources */,
			);
			runOnlyForDeploymentPostprocessing = 0;
		};
		9BB9D52D215841A200B95B51 /* Sources */ = {
			isa = PBXSourcesBuildPhase;
			buildActionMask = 2147483647;
			files = (
				9BB9D534215841A200B95B51 /* XCUITest_Xcode10UITests.swift in Sources */,
				9B27477F216A01F500A5D667 /* XCUITestBase.swift in Sources */,
			);
			runOnlyForDeploymentPostprocessing = 0;
		};
/* End PBXSourcesBuildPhase section */

/* Begin PBXTargetDependency section */
		9BB9D537215841A200B95B51 /* PBXTargetDependency */ = {
			isa = PBXTargetDependency;
			target = 9B54C8FA2158315F00D452EE /* XCUITest-Xcode10 */;
			targetProxy = 9BB9D536215841A200B95B51 /* PBXContainerItemProxy */;
		};
/* End PBXTargetDependency section */

/* Begin PBXVariantGroup section */
		9B54C9022158315F00D452EE /* Main.storyboard */ = {
			isa = PBXVariantGroup;
			children = (
				9B54C9032158315F00D452EE /* Base */,
			);
			name = Main.storyboard;
			sourceTree = "<group>";
		};
		9B54C9072158316200D452EE /* LaunchScreen.storyboard */ = {
			isa = PBXVariantGroup;
			children = (
				9B54C9082158316200D452EE /* Base */,
			);
			name = LaunchScreen.storyboard;
			sourceTree = "<group>";
		};
/* End PBXVariantGroup section */

/* Begin XCBuildConfiguration section */
		9B54C90B2158316200D452EE /* Debug */ = {
			isa = XCBuildConfiguration;
			buildSettings = {
				ALWAYS_SEARCH_USER_PATHS = NO;
				CLANG_ANALYZER_NONNULL = YES;
				CLANG_ANALYZER_NUMBER_OBJECT_CONVERSION = YES_AGGRESSIVE;
				CLANG_CXX_LANGUAGE_STANDARD = "gnu++14";
				CLANG_CXX_LIBRARY = "libc++";
				CLANG_ENABLE_MODULES = YES;
				CLANG_ENABLE_OBJC_ARC = YES;
				CLANG_ENABLE_OBJC_WEAK = YES;
				CLANG_WARN_BLOCK_CAPTURE_AUTORELEASING = YES;
				CLANG_WARN_BOOL_CONVERSION = YES;
				CLANG_WARN_COMMA = YES;
				CLANG_WARN_CONSTANT_CONVERSION = YES;
				CLANG_WARN_DEPRECATED_OBJC_IMPLEMENTATIONS = YES;
				CLANG_WARN_DIRECT_OBJC_ISA_USAGE = YES_ERROR;
				CLANG_WARN_DOCUMENTATION_COMMENTS = YES;
				CLANG_WARN_EMPTY_BODY = YES;
				CLANG_WARN_ENUM_CONVERSION = YES;
				CLANG_WARN_INFINITE_RECURSION = YES;
				CLANG_WARN_INT_CONVERSION = YES;
				CLANG_WARN_NON_LITERAL_NULL_CONVERSION = YES;
				CLANG_WARN_OBJC_IMPLICIT_RETAIN_SELF = YES;
				CLANG_WARN_OBJC_LITERAL_CONVERSION = YES;
				CLANG_WARN_OBJC_ROOT_CLASS = YES_ERROR;
				CLANG_WARN_RANGE_LOOP_ANALYSIS = YES;
				CLANG_WARN_STRICT_PROTOTYPES = YES;
				CLANG_WARN_SUSPICIOUS_MOVE = YES;
				CLANG_WARN_UNGUARDED_AVAILABILITY = YES_AGGRESSIVE;
				CLANG_WARN_UNREACHABLE_CODE = YES;
				CLANG_WARN__DUPLICATE_METHOD_MATCH = YES;
				CODE_SIGN_IDENTITY = "iPhone Developer";
				COPY_PHASE_STRIP = NO;
				DEBUG_INFORMATION_FORMAT = dwarf;
				ENABLE_STRICT_OBJC_MSGSEND = YES;
				ENABLE_TESTABILITY = YES;
				GCC_C_LANGUAGE_STANDARD = gnu11;
				GCC_DYNAMIC_NO_PIC = NO;
				GCC_NO_COMMON_BLOCKS = YES;
				GCC_OPTIMIZATION_LEVEL = 0;
				GCC_PREPROCESSOR_DEFINITIONS = (
					"DEBUG=1",
					"$(inherited)",
				);
				GCC_WARN_64_TO_32_BIT_CONVERSION = YES;
				GCC_WARN_ABOUT_RETURN_TYPE = YES_ERROR;
				GCC_WARN_UNDECLARED_SELECTOR = YES;
				GCC_WARN_UNINITIALIZED_AUTOS = YES_AGGRESSIVE;
				GCC_WARN_UNUSED_FUNCTION = YES;
				GCC_WARN_UNUSED_VARIABLE = YES;
				IPHONEOS_DEPLOYMENT_TARGET = 12.0;
				MTL_ENABLE_DEBUG_INFO = INCLUDE_SOURCE;
				ONLY_ACTIVE_ARCH = YES;
				SDKROOT = iphoneos;
				SWIFT_ACTIVE_COMPILATION_CONDITIONS = DEBUG;
				SWIFT_OPTIMIZATION_LEVEL = "-Onone";
			};
			name = Debug;
		};
		9B54C90C2158316200D452EE /* Release */ = {
			isa = XCBuildConfiguration;
			buildSettings = {
				ALWAYS_SEARCH_USER_PATHS = NO;
				CLANG_ANALYZER_NONNULL = YES;
				CLANG_ANALYZER_NUMBER_OBJECT_CONVERSION = YES_AGGRESSIVE;
				CLANG_CXX_LANGUAGE_STANDARD = "gnu++14";
				CLANG_CXX_LIBRARY = "libc++";
				CLANG_ENABLE_MODULES = YES;
				CLANG_ENABLE_OBJC_ARC = YES;
				CLANG_ENABLE_OBJC_WEAK = YES;
				CLANG_WARN_BLOCK_CAPTURE_AUTORELEASING = YES;
				CLANG_WARN_BOOL_CONVERSION = YES;
				CLANG_WARN_COMMA = YES;
				CLANG_WARN_CONSTANT_CONVERSION = YES;
				CLANG_WARN_DEPRECATED_OBJC_IMPLEMENTATIONS = YES;
				CLANG_WARN_DIRECT_OBJC_ISA_USAGE = YES_ERROR;
				CLANG_WARN_DOCUMENTATION_COMMENTS = YES;
				CLANG_WARN_EMPTY_BODY = YES;
				CLANG_WARN_ENUM_CONVERSION = YES;
				CLANG_WARN_INFINITE_RECURSION = YES;
				CLANG_WARN_INT_CONVERSION = YES;
				CLANG_WARN_NON_LITERAL_NULL_CONVERSION = YES;
				CLANG_WARN_OBJC_IMPLICIT_RETAIN_SELF = YES;
				CLANG_WARN_OBJC_LITERAL_CONVERSION = YES;
				CLANG_WARN_OBJC_ROOT_CLASS = YES_ERROR;
				CLANG_WARN_RANGE_LOOP_ANALYSIS = YES;
				CLANG_WARN_STRICT_PROTOTYPES = YES;
				CLANG_WARN_SUSPICIOUS_MOVE = YES;
				CLANG_WARN_UNGUARDED_AVAILABILITY = YES_AGGRESSIVE;
				CLANG_WARN_UNREACHABLE_CODE = YES;
				CLANG_WARN__DUPLICATE_METHOD_MATCH = YES;
				CODE_SIGN_IDENTITY = "iPhone Developer";
				COPY_PHASE_STRIP = NO;
				DEBUG_INFORMATION_FORMAT = "dwarf-with-dsym";
				ENABLE_NS_ASSERTIONS = NO;
				ENABLE_STRICT_OBJC_MSGSEND = YES;
				GCC_C_LANGUAGE_STANDARD = gnu11;
				GCC_NO_COMMON_BLOCKS = YES;
				GCC_WARN_64_TO_32_BIT_CONVERSION = YES;
				GCC_WARN_ABOUT_RETURN_TYPE = YES_ERROR;
				GCC_WARN_UNDECLARED_SELECTOR = YES;
				GCC_WARN_UNINITIALIZED_AUTOS = YES_AGGRESSIVE;
				GCC_WARN_UNUSED_FUNCTION = YES;
				GCC_WARN_UNUSED_VARIABLE = YES;
				IPHONEOS_DEPLOYMENT_TARGET = 12.0;
				MTL_ENABLE_DEBUG_INFO = NO;
				SDKROOT = iphoneos;
				SWIFT_COMPILATION_MODE = wholemodule;
				SWIFT_OPTIMIZATION_LEVEL = "-O";
				VALIDATE_PRODUCT = YES;
			};
			name = Release;
		};
		9B54C90E2158316200D452EE /* Debug */ = {
			isa = XCBuildConfiguration;
			buildSettings = {
				ASSETCATALOG_COMPILER_APPICON_NAME = AppIcon;
				CODE_SIGN_STYLE = Automatic;
				INFOPLIST_FILE = "XCUITest-Xcode10/Info.plist";
				LD_RUNPATH_SEARCH_PATHS = (
					"$(inherited)",
					"@executable_path/Frameworks",
				);
				PRODUCT_BUNDLE_IDENTIFIER = "com.app.XCUITest-Xcode10";
				PRODUCT_NAME = "$(TARGET_NAME)";
				SWIFT_VERSION = 4.2;
				TARGETED_DEVICE_FAMILY = "1,2";
			};
			name = Debug;
		};
		9B54C90F2158316200D452EE /* Release */ = {
			isa = XCBuildConfiguration;
			buildSettings = {
				ASSETCATALOG_COMPILER_APPICON_NAME = AppIcon;
				CODE_SIGN_STYLE = Automatic;
				INFOPLIST_FILE = "XCUITest-Xcode10/Info.plist";
				LD_RUNPATH_SEARCH_PATHS = (
					"$(inherited)",
					"@executable_path/Frameworks",
				);
				PRODUCT_BUNDLE_IDENTIFIER = "com.app.XCUITest-Xcode10";
				PRODUCT_NAME = "$(TARGET_NAME)";
				SWIFT_VERSION = 4.2;
				TARGETED_DEVICE_FAMILY = "1,2";
			};
			name = Release;
		};
		9BB9D538215841A200B95B51 /* Debug */ = {
			isa = XCBuildConfiguration;
			buildSettings = {
				CODE_SIGN_STYLE = Automatic;
				DEVELOPMENT_TEAM = E8YSTT4EW3;
				INFOPLIST_FILE = "XCUITest-Xcode10UITests/Info.plist";
				LD_RUNPATH_SEARCH_PATHS = (
					"$(inherited)",
					"@executable_path/Frameworks",
					"@loader_path/Frameworks",
				);
				PRODUCT_BUNDLE_IDENTIFIER = "com.myapp.XCUITest-Xcode10UITests";
				PRODUCT_NAME = "$(TARGET_NAME)";
				SWIFT_VERSION = 4.2;
				TARGETED_DEVICE_FAMILY = "1,2";
				TEST_TARGET_NAME = "XCUITest-Xcode10";
			};
			name = Debug;
		};
		9BB9D539215841A200B95B51 /* Release */ = {
			isa = XCBuildConfiguration;
			buildSettings = {
				CODE_SIGN_STYLE = Automatic;
				DEVELOPMENT_TEAM = E8YSTT4EW3;
				INFOPLIST_FILE = "XCUITest-Xcode10UITests/Info.plist";
				LD_RUNPATH_SEARCH_PATHS = (
					"$(inherited)",
					"@executable_path/Frameworks",
					"@loader_path/Frameworks",
				);
				PRODUCT_BUNDLE_IDENTIFIER = "com.myapp.XCUITest-Xcode10UITests";
				PRODUCT_NAME = "$(TARGET_NAME)";
				SWIFT_VERSION = 4.2;
				TARGETED_DEVICE_FAMILY = "1,2";
				TEST_TARGET_NAME = "XCUITest-Xcode10";
			};
			name = Release;
		};
/* End XCBuildConfiguration section */

/* Begin XCConfigurationList section */
		9B54C8F62158315F00D452EE /* Build configuration list for PBXProject "XCUITest-Xcode10" */ = {
			isa = XCConfigurationList;
			buildConfigurations = (
				9B54C90B2158316200D452EE /* Debug */,
				9B54C90C2158316200D452EE /* Release */,
			);
			defaultConfigurationIsVisible = 0;
			defaultConfigurationName = Release;
		};
		9B54C90D2158316200D452EE /* Build configuration list for PBXNativeTarget "XCUITest-Xcode10" */ = {
			isa = XCConfigurationList;
			buildConfigurations = (
				9B54C90E2158316200D452EE /* Debug */,
				9B54C90F2158316200D452EE /* Release */,
			);
			defaultConfigurationIsVisible = 0;
			defaultConfigurationName = Release;
		};
		9BB9D53A215841A200B95B51 /* Build configuration list for PBXNativeTarget "XCUITest-Xcode10UITests" */ = {
			isa = XCConfigurationList;
			buildConfigurations = (
				9BB9D538215841A200B95B51 /* Debug */,
				9BB9D539215841A200B95B51 /* Release */,
			);
			defaultConfigurationIsVisible = 0;
			defaultConfigurationName = Release;
		};
/* End XCConfigurationList section */
	};
	rootObject = 9B54C8F32158315F00D452EE /* Project object */;
}
